Microsoft Visual Studio Solution File, Format Version 12.00
# Visual Studio Version 17
VisualStudioVersion = 17.5.2.0
MinimumVisualStudioVersion = 10.0.40219.1
Project("{FAE04EC0-301F-11D3-BF4B-00C04F79EFBC}") = "InfoDashbord.Web", "InfoDashbord.Web.csproj", "{E68C04F8-9C21-C9D6-CE69-0C47E710E1E6}"
EndProject
Global
	GlobalSection(SolutionConfigurationPlatforms) = preSolution
		Debug|Any CPU = Debug|Any CPU
		Release|Any CPU = Release|Any CPU
	EndGlobalSection
	GlobalSection(ProjectConfigurationPlatforms) = postSolution
		{E68C04F8-9C21-C9D6-CE69-0C47E710E1E6}.Debug|Any CPU.ActiveCfg = Debug|Any CPU
		{E68C04F8-9C21-C9D6-CE69-0C47E710E1E6}.Debug|Any CPU.Build.0 = Debug|Any CPU
		{E68C04F8-9C21-C9D6-CE69-0C47E710E1E6}.Release|Any CPU.ActiveCfg = Release|Any CPU
		{E68C04F8-9C21-C9D6-CE69-0C47E710E1E6}.Release|Any CPU.Build.0 = Release|Any CPU
	EndGlobalSection
	GlobalSection(SolutionProperties) = preSolution
		HideSolutionNode = FALSE
	EndGlobalSection
	GlobalSection(ExtensibilityGlobals) = postSolution
		SolutionGuid = {E8E94BFA-ECE5-4969-8B9A-9DD902B28847}
	EndGlobalSection
EndGlobal
